
Microsoft Visual Studio Solution File, Format Version 12.00
Project("{FAE04EC0-301F-11D3-BF4B-00C04F79EFBC}") = "WorkbenchConnector", "WorkbenchConnector\WorkbenchConnector.csproj", "{F7DBFD56-5A7C-41D1-8F0A-B00E51477E19}"
EndProject
Project("{FAE04EC0-301F-11D3-BF4B-00C04F79EFBC}") = "dotnet-01-echo-bot", "..\..\examples\dotnet-01-echo-bot\dotnet-01-echo-bot.csproj", "{3A6FE36E-B186-458C-984B-C1BBF4BFB440}"
EndProject
Project("{FAE04EC0-301F-11D3-BF4B-00C04F79EFBC}") = "dotnet-02-message-types-demo", "..\..\examples\dotnet-02-message-types-demo\dotnet-02-message-types-demo.csproj", "{46BC33EC-AA35-428D-A8B4-2C0E693C7C51}"
EndProject
Project("{FAE04EC0-301F-11D3-BF4B-00C04F79EFBC}") = "dotnet-03-simple-chatbot", "..\..\examples\dotnet-03-simple-chatbot\dotnet-03-simple-chatbot.csproj", "{C6CA301B-11B3-4EF5-A18A-D5840F23115B}"
EndProject
Project("{2150E333-8FDC-42A3-9474-1A3956D46DE8}") = "examples", "examples", "{11BDE565-F05E-495A-9407-4E403C3DE93D}"
EndProject
Global
	GlobalSection(SolutionConfigurationPlatforms) = preSolution
		Debug|Any CPU = Debug|Any CPU
		Release|Any CPU = Release|Any CPU
	EndGlobalSection
	GlobalSection(ProjectConfigurationPlatforms) = postSolution
		{F7DBFD56-5A7C-41D1-8F0A-B00E51477E19}.Debug|Any CPU.ActiveCfg = Debug|Any CPU
		{F7DBFD56-5A7C-41D1-8F0A-B00E51477E19}.Debug|Any CPU.Build.0 = Debug|Any CPU
		{F7DBFD56-5A7C-41D1-8F0A-B00E51477E19}.Release|Any CPU.ActiveCfg = Release|Any CPU
		{F7DBFD56-5A7C-41D1-8F0A-B00E51477E19}.Release|Any CPU.Build.0 = Release|Any CPU
		{3A6FE36E-B186-458C-984B-C1BBF4BFB440}.Debug|Any CPU.ActiveCfg = Debug|Any CPU
		{3A6FE36E-B186-458C-984B-C1BBF4BFB440}.Debug|Any CPU.Build.0 = Debug|Any CPU
		{3A6FE36E-B186-458C-984B-C1BBF4BFB440}.Release|Any CPU.ActiveCfg = Release|Any CPU
		{3A6FE36E-B186-458C-984B-C1BBF4BFB440}.Release|Any CPU.Build.0 = Release|Any CPU
		{46BC33EC-AA35-428D-A8B4-2C0E693C7C51}.Debug|Any CPU.ActiveCfg = Debug|Any CPU
		{46BC33EC-AA35-428D-A8B4-2C0E693C7C51}.Debug|Any CPU.Build.0 = Debug|Any CPU
		{46BC33EC-AA35-428D-A8B4-2C0E693C7C51}.Release|Any CPU.ActiveCfg = Release|Any CPU
		{46BC33EC-AA35-428D-A8B4-2C0E693C7C51}.Release|Any CPU.Build.0 = Release|Any CPU
		{C6CA301B-11B3-4EF5-A18A-D5840F23115B}.Debug|Any CPU.ActiveCfg = Debug|Any CPU
		{C6CA301B-11B3-4EF5-A18A-D5840F23115B}.Debug|Any CPU.Build.0 = Debug|Any CPU
		{C6CA301B-11B3-4EF5-A18A-D5840F23115B}.Release|Any CPU.ActiveCfg = Release|Any CPU
		{C6CA301B-11B3-4EF5-A18A-D5840F23115B}.Release|Any CPU.Build.0 = Release|Any CPU
	EndGlobalSection
	GlobalSection(NestedProjects) = preSolution
		{3A6FE36E-B186-458C-984B-C1BBF4BFB440} = {11BDE565-F05E-495A-9407-4E403C3DE93D}
		{46BC33EC-AA35-428D-A8B4-2C0E693C7C51} = {11BDE565-F05E-495A-9407-4E403C3DE93D}
		{C6CA301B-11B3-4EF5-A18A-D5840F23115B} = {11BDE565-F05E-495A-9407-4E403C3DE93D}
	EndGlobalSection
EndGlobal
