
Microsoft Visual Studio Solution File, Format Version 12.00
Project("{FAE04EC0-301F-11D3-BF4B-00C04F79EFBC}") = "WorkbenchConnector", "WorkbenchConnector\WorkbenchConnector.csproj", "{F7DBFD56-5A7C-41D1-8F0A-B00E51477E19}"
EndProject
Project("{FAE04EC0-301F-11D3-BF4B-00C04F79EFBC}") = "AgentExample01", "..\examples\dotnet-example01\AgentExample01.csproj", "{3A6FE36E-B186-458C-984B-C1BBF4BFB440}"
EndProject
Global
	GlobalSection(SolutionConfigurationPlatforms) = preSolution
		Debug|Any CPU = Debug|Any CPU
		Release|Any CPU = Release|Any CPU
	EndGlobalSection
	GlobalSection(ProjectConfigurationPlatforms) = postSolution
		{F7DBFD56-5A7C-41D1-8F0A-B00E51477E19}.Debug|Any CPU.ActiveCfg = Debug|Any CPU
		{F7DBFD56-5A7C-41D1-8F0A-B00E51477E19}.Debug|Any CPU.Build.0 = Debug|Any CPU
		{F7DBFD56-5A7C-41D1-8F0A-B00E51477E19}.Release|Any CPU.ActiveCfg = Release|Any CPU
		{F7DBFD56-5A7C-41D1-8F0A-B00E51477E19}.Release|Any CPU.Build.0 = Release|Any CPU
		{3A6FE36E-B186-458C-984B-C1BBF4BFB440}.Debug|Any CPU.ActiveCfg = Debug|Any CPU
		{3A6FE36E-B186-458C-984B-C1BBF4BFB440}.Debug|Any CPU.Build.0 = Debug|Any CPU
		{3A6FE36E-B186-458C-984B-C1BBF4BFB440}.Release|Any CPU.ActiveCfg = Release|Any CPU
		{3A6FE36E-B186-458C-984B-C1BBF4BFB440}.Release|Any CPU.Build.0 = Release|Any CPU
	EndGlobalSection
EndGlobal
